
Microsoft Visual Studio Solution File, Format Version 12.00
# Visual Studio Version 17
VisualStudioVersion = 17.14.36518.9 d17.14
MinimumVisualStudioVersion = 10.0.40219.1
Project("{FAE04EC0-301F-11D3-BF4B-00C04F79EFBC}") = "QLDL_FE", "QLDL_FE\QLDL_FE.csproj", "{A1AE2107-DBED-4441-9416-542E3DB12FEA}"
EndProject
Global
	GlobalSection(SolutionConfigurationPlatforms) = preSolution
		Debug|Any CPU = Debug|Any CPU
		Release|Any CPU = Release|Any CPU
	EndGlobalSection
	GlobalSection(ProjectConfigurationPlatforms) = postSolution
		{A1AE2107-DBED-4441-9416-542E3DB12FEA}.Debug|Any CPU.ActiveCfg = Debug|Any CPU
		{A1AE2107-DBED-4441-9416-542E3DB12FEA}.Debug|Any CPU.Build.0 = Debug|Any CPU
		{A1AE2107-DBED-4441-9416-542E3DB12FEA}.Release|Any CPU.ActiveCfg = Release|Any CPU
		{A1AE2107-DBED-4441-9416-542E3DB12FEA}.Release|Any CPU.Build.0 = Release|Any CPU
	EndGlobalSection
	GlobalSection(SolutionProperties) = preSolution
		HideSolutionNode = FALSE
	EndGlobalSection
	GlobalSection(ExtensibilityGlobals) = postSolution
		SolutionGuid = {701C0972-ADD3-40D6-B9C2-090C4A2DD0FC}
	EndGlobalSection
EndGlobal
